
Microsoft Visual Studio Solution File, Format Version 12.00
# Visual Studio Version 17
VisualStudioVersion = 17.2.32630.192
MinimumVisualStudioVersion = 10.0.40219.1
Project("{2150E333-8FDC-42A3-9474-1A3956D46DE8}") = "Services", "Services", "{44CFC234-AF25-4920-BDB1-90A0FDA4AD54}"
EndProject
Project("{2150E333-8FDC-42A3-9474-1A3956D46DE8}") = "Catalog", "Catalog", "{E518FD83-3BC2-4C45-B2A0-36E63D924401}"
EndProject
Project("{FAE04EC0-301F-11D3-BF4B-00C04F79EFBC}") = "Catalog.API", "Services\Catalog\Catalog.API\Catalog.API.csproj", "{AC774EF8-478F-432F-8C23-E431D2E18502}"
EndProject
Global
	GlobalSection(SolutionConfigurationPlatforms) = preSolution
		Debug|Any CPU = Debug|Any CPU
		Release|Any CPU = Release|Any CPU
	EndGlobalSection
	GlobalSection(ProjectConfigurationPlatforms) = postSolution
		{AC774EF8-478F-432F-8C23-E431D2E18502}.Debug|Any CPU.ActiveCfg = Debug|Any CPU
		{AC774EF8-478F-432F-8C23-E431D2E18502}.Debug|Any CPU.Build.0 = Debug|Any CPU
		{AC774EF8-478F-432F-8C23-E431D2E18502}.Release|Any CPU.ActiveCfg = Release|Any CPU
		{AC774EF8-478F-432F-8C23-E431D2E18502}.Release|Any CPU.Build.0 = Release|Any CPU
	EndGlobalSection
	GlobalSection(SolutionProperties) = preSolution
		HideSolutionNode = FALSE
	EndGlobalSection
	GlobalSection(NestedProjects) = preSolution
		{E518FD83-3BC2-4C45-B2A0-36E63D924401} = {44CFC234-AF25-4920-BDB1-90A0FDA4AD54}
		{AC774EF8-478F-432F-8C23-E431D2E18502} = {E518FD83-3BC2-4C45-B2A0-36E63D924401}
	EndGlobalSection
	GlobalSection(ExtensibilityGlobals) = postSolution
		SolutionGuid = {AB6C0F41-4455-42D1-8590-B18C72767FAD}
	EndGlobalSection
EndGlobal
